
Microsoft Visual Studio Solution File, Format Version 12.00
# Visual Studio 15
VisualStudioVersion = 15.0.26124.0
MinimumVisualStudioVersion = 15.0.26124.0
Project("{FAE04EC0-301F-11D3-BF4B-00C04F79EFBC}") = "WebApi", "WebApi\WebApi.csproj", "{7C4AE4A9-5B45-49F3-B89F-F53FE5CA5E5C}"
EndProject
Project("{FAE04EC0-301F-11D3-BF4B-00C04F79EFBC}") = "BusinessLogicInterface", "BusinessLogicInterface\BusinessLogicInterface.csproj", "{6442F7AD-D903-4DFC-8685-46D9D026195E}"
EndProject
Project("{FAE04EC0-301F-11D3-BF4B-00C04F79EFBC}") = "BusinessLogic", "BusinessLogic\BusinessLogic.csproj", "{98322F43-8CCF-4547-8672-A6A93A1CD234}"
EndProject
Project("{FAE04EC0-301F-11D3-BF4B-00C04F79EFBC}") = "Model", "Model\Model.csproj", "{DFFCC038-CCDA-42CC-BDC1-D18799B7D001}"
EndProject
Project("{FAE04EC0-301F-11D3-BF4B-00C04F79EFBC}") = "Domain", "Domain\Domain.csproj", "{4A5D251E-3BB8-4778-B5AF-DFBC2A423CBB}"
EndProject
Project("{FAE04EC0-301F-11D3-BF4B-00C04F79EFBC}") = "Factory", "Factory\Factory.csproj", "{B58FC4E0-B330-4ED6-BFB3-8DA9BCAFD2CC}"
EndProject
Project("{FAE04EC0-301F-11D3-BF4B-00C04F79EFBC}") = "DataAccess", "DataAccess\DataAccess.csproj", "{26F0DC7F-C3ED-4F53-AE5D-E0A4DCC40FC6}"
EndProject
Project("{FAE04EC0-301F-11D3-BF4B-00C04F79EFBC}") = "DataAccessInterface", "DataAccessInterface\DataAccessInterface.csproj", "{871F128D-A26A-49C1-AE4B-B77904DC8A64}"
EndProject
Project("{FAE04EC0-301F-11D3-BF4B-00C04F79EFBC}") = "BusinessLogic.Tests", "BusinessLogic.Tests\BusinessLogic.Tests.csproj", "{AD57C3A0-F334-45D9-83CE-57A9EF9609FF}"
EndProject
Project("{FAE04EC0-301F-11D3-BF4B-00C04F79EFBC}") = "DataAccess.Tests", "DataAccess.Tests\DataAccess.Tests.csproj", "{FCE74B13-C49B-4DF3-A947-46C13F2A100E}"
EndProject
Project("{FAE04EC0-301F-11D3-BF4B-00C04F79EFBC}") = "WebApi.Tests", "WebApi.Tests\WebApi.Tests.csproj", "{13CDC7B7-0A26-4354-A524-FAA29CEAC328}"
EndProject
Global
	GlobalSection(SolutionConfigurationPlatforms) = preSolution
		Debug|Any CPU = Debug|Any CPU
		Debug|x64 = Debug|x64
		Debug|x86 = Debug|x86
		Release|Any CPU = Release|Any CPU
		Release|x64 = Release|x64
		Release|x86 = Release|x86
	EndGlobalSection
	GlobalSection(SolutionProperties) = preSolution
		HideSolutionNode = FALSE
	EndGlobalSection
	GlobalSection(ProjectConfigurationPlatforms) = postSolution
		{7C4AE4A9-5B45-49F3-B89F-F53FE5CA5E5C}.Debug|Any CPU.ActiveCfg = Debug|Any CPU
		{7C4AE4A9-5B45-49F3-B89F-F53FE5CA5E5C}.Debug|Any CPU.Build.0 = Debug|Any CPU
		{7C4AE4A9-5B45-49F3-B89F-F53FE5CA5E5C}.Debug|x64.ActiveCfg = Debug|Any CPU
		{7C4AE4A9-5B45-49F3-B89F-F53FE5CA5E5C}.Debug|x64.Build.0 = Debug|Any CPU
		{7C4AE4A9-5B45-49F3-B89F-F53FE5CA5E5C}.Debug|x86.ActiveCfg = Debug|Any CPU
		{7C4AE4A9-5B45-49F3-B89F-F53FE5CA5E5C}.Debug|x86.Build.0 = Debug|Any CPU
		{7C4AE4A9-5B45-49F3-B89F-F53FE5CA5E5C}.Release|Any CPU.ActiveCfg = Release|Any CPU
		{7C4AE4A9-5B45-49F3-B89F-F53FE5CA5E5C}.Release|Any CPU.Build.0 = Release|Any CPU
		{7C4AE4A9-5B45-49F3-B89F-F53FE5CA5E5C}.Release|x64.ActiveCfg = Release|Any CPU
		{7C4AE4A9-5B45-49F3-B89F-F53FE5CA5E5C}.Release|x64.Build.0 = Release|Any CPU
		{7C4AE4A9-5B45-49F3-B89F-F53FE5CA5E5C}.Release|x86.ActiveCfg = Release|Any CPU
		{7C4AE4A9-5B45-49F3-B89F-F53FE5CA5E5C}.Release|x86.Build.0 = Release|Any CPU
		{6442F7AD-D903-4DFC-8685-46D9D026195E}.Debug|Any CPU.ActiveCfg = Debug|Any CPU
		{6442F7AD-D903-4DFC-8685-46D9D026195E}.Debug|Any CPU.Build.0 = Debug|Any CPU
		{6442F7AD-D903-4DFC-8685-46D9D026195E}.Debug|x64.ActiveCfg = Debug|Any CPU
		{6442F7AD-D903-4DFC-8685-46D9D026195E}.Debug|x64.Build.0 = Debug|Any CPU
		{6442F7AD-D903-4DFC-8685-46D9D026195E}.Debug|x86.ActiveCfg = Debug|Any CPU
		{6442F7AD-D903-4DFC-8685-46D9D026195E}.Debug|x86.Build.0 = Debug|Any CPU
		{6442F7AD-D903-4DFC-8685-46D9D026195E}.Release|Any CPU.ActiveCfg = Release|Any CPU
		{6442F7AD-D903-4DFC-8685-46D9D026195E}.Release|Any CPU.Build.0 = Release|Any CPU
		{6442F7AD-D903-4DFC-8685-46D9D026195E}.Release|x64.ActiveCfg = Release|Any CPU
		{6442F7AD-D903-4DFC-8685-46D9D026195E}.Release|x64.Build.0 = Release|Any CPU
		{6442F7AD-D903-4DFC-8685-46D9D026195E}.Release|x86.ActiveCfg = Release|Any CPU
		{6442F7AD-D903-4DFC-8685-46D9D026195E}.Release|x86.Build.0 = Release|Any CPU
		{98322F43-8CCF-4547-8672-A6A93A1CD234}.Debug|Any CPU.ActiveCfg = Debug|Any CPU
		{98322F43-8CCF-4547-8672-A6A93A1CD234}.Debug|Any CPU.Build.0 = Debug|Any CPU
		{98322F43-8CCF-4547-8672-A6A93A1CD234}.Debug|x64.ActiveCfg = Debug|Any CPU
		{98322F43-8CCF-4547-8672-A6A93A1CD234}.Debug|x64.Build.0 = Debug|Any CPU
		{98322F43-8CCF-4547-8672-A6A93A1CD234}.Debug|x86.ActiveCfg = Debug|Any CPU
		{98322F43-8CCF-4547-8672-A6A93A1CD234}.Debug|x86.Build.0 = Debug|Any CPU
		{98322F43-8CCF-4547-8672-A6A93A1CD234}.Release|Any CPU.ActiveCfg = Release|Any CPU
		{98322F43-8CCF-4547-8672-A6A93A1CD234}.Release|Any CPU.Build.0 = Release|Any CPU
		{98322F43-8CCF-4547-8672-A6A93A1CD234}.Release|x64.ActiveCfg = Release|Any CPU
		{98322F43-8CCF-4547-8672-A6A93A1CD234}.Release|x64.Build.0 = Release|Any CPU
		{98322F43-8CCF-4547-8672-A6A93A1CD234}.Release|x86.ActiveCfg = Release|Any CPU
		{98322F43-8CCF-4547-8672-A6A93A1CD234}.Release|x86.Build.0 = Release|Any CPU
		{DFFCC038-CCDA-42CC-BDC1-D18799B7D001}.Debug|Any CPU.ActiveCfg = Debug|Any CPU
		{DFFCC038-CCDA-42CC-BDC1-D18799B7D001}.Debug|Any CPU.Build.0 = Debug|Any CPU
		{DFFCC038-CCDA-42CC-BDC1-D18799B7D001}.Debug|x64.ActiveCfg = Debug|Any CPU
		{DFFCC038-CCDA-42CC-BDC1-D18799B7D001}.Debug|x64.Build.0 = Debug|Any CPU
		{DFFCC038-CCDA-42CC-BDC1-D18799B7D001}.Debug|x86.ActiveCfg = Debug|Any CPU
		{DFFCC038-CCDA-42CC-BDC1-D18799B7D001}.Debug|x86.Build.0 = Debug|Any CPU
		{DFFCC038-CCDA-42CC-BDC1-D18799B7D001}.Release|Any CPU.ActiveCfg = Release|Any CPU
		{DFFCC038-CCDA-42CC-BDC1-D18799B7D001}.Release|Any CPU.Build.0 = Release|Any CPU
		{DFFCC038-CCDA-42CC-BDC1-D18799B7D001}.Release|x64.ActiveCfg = Release|Any CPU
		{DFFCC038-CCDA-42CC-BDC1-D18799B7D001}.Release|x64.Build.0 = Release|Any CPU
		{DFFCC038-CCDA-42CC-BDC1-D18799B7D001}.Release|x86.ActiveCfg = Release|Any CPU
		{DFFCC038-CCDA-42CC-BDC1-D18799B7D001}.Release|x86.Build.0 = Release|Any CPU
		{4A5D251E-3BB8-4778-B5AF-DFBC2A423CBB}.Debug|Any CPU.ActiveCfg = Debug|Any CPU
		{4A5D251E-3BB8-4778-B5AF-DFBC2A423CBB}.Debug|Any CPU.Build.0 = Debug|Any CPU
		{4A5D251E-3BB8-4778-B5AF-DFBC2A423CBB}.Debug|x64.ActiveCfg = Debug|Any CPU
		{4A5D251E-3BB8-4778-B5AF-DFBC2A423CBB}.Debug|x64.Build.0 = Debug|Any CPU
		{4A5D251E-3BB8-4778-B5AF-DFBC2A423CBB}.Debug|x86.ActiveCfg = Debug|Any CPU
		{4A5D251E-3BB8-4778-B5AF-DFBC2A423CBB}.Debug|x86.Build.0 = Debug|Any CPU
		{4A5D251E-3BB8-4778-B5AF-DFBC2A423CBB}.Release|Any CPU.ActiveCfg = Release|Any CPU
		{4A5D251E-3BB8-4778-B5AF-DFBC2A423CBB}.Release|Any CPU.Build.0 = Release|Any CPU
		{4A5D251E-3BB8-4778-B5AF-DFBC2A423CBB}.Release|x64.ActiveCfg = Release|Any CPU
		{4A5D251E-3BB8-4778-B5AF-DFBC2A423CBB}.Release|x64.Build.0 = Release|Any CPU
		{4A5D251E-3BB8-4778-B5AF-DFBC2A423CBB}.Release|x86.ActiveCfg = Release|Any CPU
		{4A5D251E-3BB8-4778-B5AF-DFBC2A423CBB}.Release|x86.Build.0 = Release|Any CPU
		{B58FC4E0-B330-4ED6-BFB3-8DA9BCAFD2CC}.Debug|Any CPU.ActiveCfg = Debug|Any CPU
		{B58FC4E0-B330-4ED6-BFB3-8DA9BCAFD2CC}.Debug|Any CPU.Build.0 = Debug|Any CPU
		{B58FC4E0-B330-4ED6-BFB3-8DA9BCAFD2CC}.Debug|x64.ActiveCfg = Debug|Any CPU
		{B58FC4E0-B330-4ED6-BFB3-8DA9BCAFD2CC}.Debug|x64.Build.0 = Debug|Any CPU
		{B58FC4E0-B330-4ED6-BFB3-8DA9BCAFD2CC}.Debug|x86.ActiveCfg = Debug|Any CPU
		{B58FC4E0-B330-4ED6-BFB3-8DA9BCAFD2CC}.Debug|x86.Build.0 = Debug|Any CPU
		{B58FC4E0-B330-4ED6-BFB3-8DA9BCAFD2CC}.Release|Any CPU.ActiveCfg = Release|Any CPU
		{B58FC4E0-B330-4ED6-BFB3-8DA9BCAFD2CC}.Release|Any CPU.Build.0 = Release|Any CPU
		{B58FC4E0-B330-4ED6-BFB3-8DA9BCAFD2CC}.Release|x64.ActiveCfg = Release|Any CPU
		{B58FC4E0-B330-4ED6-BFB3-8DA9BCAFD2CC}.Release|x64.Build.0 = Release|Any CPU
		{B58FC4E0-B330-4ED6-BFB3-8DA9BCAFD2CC}.Release|x86.ActiveCfg = Release|Any CPU
		{B58FC4E0-B330-4ED6-BFB3-8DA9BCAFD2CC}.Release|x86.Build.0 = Release|Any CPU
		{26F0DC7F-C3ED-4F53-AE5D-E0A4DCC40FC6}.Debug|Any CPU.ActiveCfg = Debug|Any CPU
		{26F0DC7F-C3ED-4F53-AE5D-E0A4DCC40FC6}.Debug|Any CPU.Build.0 = Debug|Any CPU
		{26F0DC7F-C3ED-4F53-AE5D-E0A4DCC40FC6}.Debug|x64.ActiveCfg = Debug|Any CPU
		{26F0DC7F-C3ED-4F53-AE5D-E0A4DCC40FC6}.Debug|x64.Build.0 = Debug|Any CPU
		{26F0DC7F-C3ED-4F53-AE5D-E0A4DCC40FC6}.Debug|x86.ActiveCfg = Debug|Any CPU
		{26F0DC7F-C3ED-4F53-AE5D-E0A4DCC40FC6}.Debug|x86.Build.0 = Debug|Any CPU
		{26F0DC7F-C3ED-4F53-AE5D-E0A4DCC40FC6}.Release|Any CPU.ActiveCfg = Release|Any CPU
		{26F0DC7F-C3ED-4F53-AE5D-E0A4DCC40FC6}.Release|Any CPU.Build.0 = Release|Any CPU
		{26F0DC7F-C3ED-4F53-AE5D-E0A4DCC40FC6}.Release|x64.ActiveCfg = Release|Any CPU
		{26F0DC7F-C3ED-4F53-AE5D-E0A4DCC40FC6}.Release|x64.Build.0 = Release|Any CPU
		{26F0DC7F-C3ED-4F53-AE5D-E0A4DCC40FC6}.Release|x86.ActiveCfg = Release|Any CPU
		{26F0DC7F-C3ED-4F53-AE5D-E0A4DCC40FC6}.Release|x86.Build.0 = Release|Any CPU
		{871F128D-A26A-49C1-AE4B-B77904DC8A64}.Debug|Any CPU.ActiveCfg = Debug|Any CPU
		{871F128D-A26A-49C1-AE4B-B77904DC8A64}.Debug|Any CPU.Build.0 = Debug|Any CPU
		{871F128D-A26A-49C1-AE4B-B77904DC8A64}.Debug|x64.ActiveCfg = Debug|Any CPU
		{871F128D-A26A-49C1-AE4B-B77904DC8A64}.Debug|x64.Build.0 = Debug|Any CPU
		{871F128D-A26A-49C1-AE4B-B77904DC8A64}.Debug|x86.ActiveCfg = Debug|Any CPU
		{871F128D-A26A-49C1-AE4B-B77904DC8A64}.Debug|x86.Build.0 = Debug|Any CPU
		{871F128D-A26A-49C1-AE4B-B77904DC8A64}.Release|Any CPU.ActiveCfg = Release|Any CPU
		{871F128D-A26A-49C1-AE4B-B77904DC8A64}.Release|Any CPU.Build.0 = Release|Any CPU
		{871F128D-A26A-49C1-AE4B-B77904DC8A64}.Release|x64.ActiveCfg = Release|Any CPU
		{871F128D-A26A-49C1-AE4B-B77904DC8A64}.Release|x64.Build.0 = Release|Any CPU
		{871F128D-A26A-49C1-AE4B-B77904DC8A64}.Release|x86.ActiveCfg = Release|Any CPU
		{871F128D-A26A-49C1-AE4B-B77904DC8A64}.Release|x86.Build.0 = Release|Any CPU
		{AD57C3A0-F334-45D9-83CE-57A9EF9609FF}.Debug|Any CPU.ActiveCfg = Debug|Any CPU
		{AD57C3A0-F334-45D9-83CE-57A9EF9609FF}.Debug|Any CPU.Build.0 = Debug|Any CPU
		{AD57C3A0-F334-45D9-83CE-57A9EF9609FF}.Debug|x64.ActiveCfg = Debug|Any CPU
		{AD57C3A0-F334-45D9-83CE-57A9EF9609FF}.Debug|x64.Build.0 = Debug|Any CPU
		{AD57C3A0-F334-45D9-83CE-57A9EF9609FF}.Debug|x86.ActiveCfg = Debug|Any CPU
		{AD57C3A0-F334-45D9-83CE-57A9EF9609FF}.Debug|x86.Build.0 = Debug|Any CPU
		{AD57C3A0-F334-45D9-83CE-57A9EF9609FF}.Release|Any CPU.ActiveCfg = Release|Any CPU
		{AD57C3A0-F334-45D9-83CE-57A9EF9609FF}.Release|Any CPU.Build.0 = Release|Any CPU
		{AD57C3A0-F334-45D9-83CE-57A9EF9609FF}.Release|x64.ActiveCfg = Release|Any CPU
		{AD57C3A0-F334-45D9-83CE-57A9EF9609FF}.Release|x64.Build.0 = Release|Any CPU
		{AD57C3A0-F334-45D9-83CE-57A9EF9609FF}.Release|x86.ActiveCfg = Release|Any CPU
		{AD57C3A0-F334-45D9-83CE-57A9EF9609FF}.Release|x86.Build.0 = Release|Any CPU
		{FCE74B13-C49B-4DF3-A947-46C13F2A100E}.Debug|Any CPU.ActiveCfg = Debug|Any CPU
		{FCE74B13-C49B-4DF3-A947-46C13F2A100E}.Debug|Any CPU.Build.0 = Debug|Any CPU
		{FCE74B13-C49B-4DF3-A947-46C13F2A100E}.Debug|x64.ActiveCfg = Debug|Any CPU
		{FCE74B13-C49B-4DF3-A947-46C13F2A100E}.Debug|x64.Build.0 = Debug|Any CPU
		{FCE74B13-C49B-4DF3-A947-46C13F2A100E}.Debug|x86.ActiveCfg = Debug|Any CPU
		{FCE74B13-C49B-4DF3-A947-46C13F2A100E}.Debug|x86.Build.0 = Debug|Any CPU
		{FCE74B13-C49B-4DF3-A947-46C13F2A100E}.Release|Any CPU.ActiveCfg = Release|Any CPU
		{FCE74B13-C49B-4DF3-A947-46C13F2A100E}.Release|Any CPU.Build.0 = Release|Any CPU
		{FCE74B13-C49B-4DF3-A947-46C13F2A100E}.Release|x64.ActiveCfg = Release|Any CPU
		{FCE74B13-C49B-4DF3-A947-46C13F2A100E}.Release|x64.Build.0 = Release|Any CPU
		{FCE74B13-C49B-4DF3-A947-46C13F2A100E}.Release|x86.ActiveCfg = Release|Any CPU
		{FCE74B13-C49B-4DF3-A947-46C13F2A100E}.Release|x86.Build.0 = Release|Any CPU
		{13CDC7B7-0A26-4354-A524-FAA29CEAC328}.Debug|Any CPU.ActiveCfg = Debug|Any CPU
		{13CDC7B7-0A26-4354-A524-FAA29CEAC328}.Debug|Any CPU.Build.0 = Debug|Any CPU
		{13CDC7B7-0A26-4354-A524-FAA29CEAC328}.Debug|x64.ActiveCfg = Debug|Any CPU
		{13CDC7B7-0A26-4354-A524-FAA29CEAC328}.Debug|x64.Build.0 = Debug|Any CPU
		{13CDC7B7-0A26-4354-A524-FAA29CEAC328}.Debug|x86.ActiveCfg = Debug|Any CPU
		{13CDC7B7-0A26-4354-A524-FAA29CEAC328}.Debug|x86.Build.0 = Debug|Any CPU
		{13CDC7B7-0A26-4354-A524-FAA29CEAC328}.Release|Any CPU.ActiveCfg = Release|Any CPU
		{13CDC7B7-0A26-4354-A524-FAA29CEAC328}.Release|Any CPU.Build.0 = Release|Any CPU
		{13CDC7B7-0A26-4354-A524-FAA29CEAC328}.Release|x64.ActiveCfg = Release|Any CPU
		{13CDC7B7-0A26-4354-A524-FAA29CEAC328}.Release|x64.Build.0 = Release|Any CPU
		{13CDC7B7-0A26-4354-A524-FAA29CEAC328}.Release|x86.ActiveCfg = Release|Any CPU
		{13CDC7B7-0A26-4354-A524-FAA29CEAC328}.Release|x86.Build.0 = Release|Any CPU
	EndGlobalSection
EndGlobal
